
Microsoft Visual Studio Solution File, Format Version 12.00
# Visual Studio Version 17
VisualStudioVersion = 17.0.31903.59
MinimumVisualStudioVersion = 10.0.40219.1
Project("{2150E333-8FDC-42A3-9474-1A3956D46DE8}") = "src", "src", "{8CDE7120-1F01-4D22-8EA7-7F8E93DA352E}"
EndProject
Project("{FAE04EC0-301F-11D3-BF4B-00C04F79EFBC}") = "AuctionService", "src\AuctionService\AuctionService.csproj", "{7D0DAB6D-8E37-4A74-9F44-8CE43935815E}"
EndProject
Project("{FAE04EC0-301F-11D3-BF4B-00C04F79EFBC}") = "SearchService", "src\SearchService\SearchService.csproj", "{5CACA48F-776F-4AF7-87CB-AA396ADF1EFD}"
EndProject
Project("{FAE04EC0-301F-11D3-BF4B-00C04F79EFBC}") = "Contracts", "src\Contracts\Contracts.csproj", "{80E25020-77EF-470D-9C3F-1AD711C22726}"
EndProject
Project("{FAE04EC0-301F-11D3-BF4B-00C04F79EFBC}") = "IdentityServer", "src\IdentityServer\IdentityServer.csproj", "{928536A8-A720-409D-841E-111001FD79FB}"
EndProject
Project("{FAE04EC0-301F-11D3-BF4B-00C04F79EFBC}") = "GatewayService", "src\GatewayService\GatewayService.csproj", "{9176E277-CBCC-488C-9EDA-B5DCAB396886}"
EndProject
Global
	GlobalSection(SolutionConfigurationPlatforms) = preSolution
		Debug|Any CPU = Debug|Any CPU
		Release|Any CPU = Release|Any CPU
	EndGlobalSection
	GlobalSection(SolutionProperties) = preSolution
		HideSolutionNode = FALSE
	EndGlobalSection
	GlobalSection(ProjectConfigurationPlatforms) = postSolution
		{7D0DAB6D-8E37-4A74-9F44-8CE43935815E}.Debug|Any CPU.ActiveCfg = Debug|Any CPU
		{7D0DAB6D-8E37-4A74-9F44-8CE43935815E}.Debug|Any CPU.Build.0 = Debug|Any CPU
		{7D0DAB6D-8E37-4A74-9F44-8CE43935815E}.Release|Any CPU.ActiveCfg = Release|Any CPU
		{7D0DAB6D-8E37-4A74-9F44-8CE43935815E}.Release|Any CPU.Build.0 = Release|Any CPU
		{5CACA48F-776F-4AF7-87CB-AA396ADF1EFD}.Debug|Any CPU.ActiveCfg = Debug|Any CPU
		{5CACA48F-776F-4AF7-87CB-AA396ADF1EFD}.Debug|Any CPU.Build.0 = Debug|Any CPU
		{5CACA48F-776F-4AF7-87CB-AA396ADF1EFD}.Release|Any CPU.ActiveCfg = Release|Any CPU
		{5CACA48F-776F-4AF7-87CB-AA396ADF1EFD}.Release|Any CPU.Build.0 = Release|Any CPU
		{80E25020-77EF-470D-9C3F-1AD711C22726}.Debug|Any CPU.ActiveCfg = Debug|Any CPU
		{80E25020-77EF-470D-9C3F-1AD711C22726}.Debug|Any CPU.Build.0 = Debug|Any CPU
		{80E25020-77EF-470D-9C3F-1AD711C22726}.Release|Any CPU.ActiveCfg = Release|Any CPU
		{80E25020-77EF-470D-9C3F-1AD711C22726}.Release|Any CPU.Build.0 = Release|Any CPU
	EndGlobalSection
	GlobalSection(NestedProjects) = preSolution
		{7D0DAB6D-8E37-4A74-9F44-8CE43935815E} = {8CDE7120-1F01-4D22-8EA7-7F8E93DA352E}
		{5CACA48F-776F-4AF7-87CB-AA396ADF1EFD} = {8CDE7120-1F01-4D22-8EA7-7F8E93DA352E}
		{80E25020-77EF-470D-9C3F-1AD711C22726} = {8CDE7120-1F01-4D22-8EA7-7F8E93DA352E}
	EndGlobalSection
EndGlobal
